
Microsoft Visual Studio Solution File, Format Version 12.00
# Visual Studio Version 16
VisualStudioVersion = 16.0.31005.135
MinimumVisualStudioVersion = 10.0.40219.1
Project("{9A19103F-16F7-4668-BE54-9A1E7A4F7556}") = "Surfrider-RecurringJobs", "Surfrider-RecurringJobs\Surfrider-RecurringJobs.csproj", "{0992D013-93C5-4622-85C0-7EFFF0B42A3A}"
EndProject
Global
	GlobalSection(SolutionConfigurationPlatforms) = preSolution
		Debug|Any CPU = Debug|Any CPU
		Release|Any CPU = Release|Any CPU
	EndGlobalSection
	GlobalSection(ProjectConfigurationPlatforms) = postSolution
		{0992D013-93C5-4622-85C0-7EFFF0B42A3A}.Debug|Any CPU.ActiveCfg = Debug|Any CPU
		{0992D013-93C5-4622-85C0-7EFFF0B42A3A}.Debug|Any CPU.Build.0 = Debug|Any CPU
		{0992D013-93C5-4622-85C0-7EFFF0B42A3A}.Release|Any CPU.ActiveCfg = Release|Any CPU
		{0992D013-93C5-4622-85C0-7EFFF0B42A3A}.Release|Any CPU.Build.0 = Release|Any CPU
	EndGlobalSection
	GlobalSection(SolutionProperties) = preSolution
		HideSolutionNode = FALSE
	EndGlobalSection
	GlobalSection(ExtensibilityGlobals) = postSolution
		SolutionGuid = {1FB9B7BD-0319-4269-8748-7E10E2B9B505}
	EndGlobalSection
EndGlobal
